
Microsoft Visual Studio Solution File, Format Version 12.00
# Visual Studio Version 16
VisualStudioVersion = 16.0.810.17
MinimumVisualStudioVersion = 10.0.40219.1
Project("{FAE04EC0-301F-11D3-BF4B-00C04F79EFBC}") = "weather", "weather.csproj", "{0A50006E-AC98-46B3-87B6-08CFB50D0827}"
EndProject
Global
	GlobalSection(SolutionConfigurationPlatforms) = preSolution
		Debug|Any CPU = Debug|Any CPU
		Release|Any CPU = Release|Any CPU
	EndGlobalSection
	GlobalSection(ProjectConfigurationPlatforms) = postSolution
		{0A50006E-AC98-46B3-87B6-08CFB50D0827}.Debug|Any CPU.ActiveCfg = Debug|Any CPU
		{0A50006E-AC98-46B3-87B6-08CFB50D0827}.Debug|Any CPU.Build.0 = Debug|Any CPU
		{0A50006E-AC98-46B3-87B6-08CFB50D0827}.Release|Any CPU.ActiveCfg = Release|Any CPU
		{0A50006E-AC98-46B3-87B6-08CFB50D0827}.Release|Any CPU.Build.0 = Release|Any CPU
	EndGlobalSection
	GlobalSection(SolutionProperties) = preSolution
		HideSolutionNode = FALSE
	EndGlobalSection
	GlobalSection(ExtensibilityGlobals) = postSolution
		SolutionGuid = {8B73EF02-23BD-499A-8A1E-521E9211C558}
	EndGlobalSection
EndGlobal
